
Microsoft Visual Studio Solution File, Format Version 10.00
# Visual Studio 2008
Project("{FAE04EC0-301F-11D3-BF4B-00C04F79EFBC}") = "EventBroker", "EventBroker\EventBroker.csproj", "{CD6BA5D4-8C3C-41EC-B161-04DB9FEC4D9A}"
EndProject
Project("{FAE04EC0-301F-11D3-BF4B-00C04F79EFBC}") = "Factory", "Factory\Factory.csproj", "{FD9E704E-D5C4-4F4D-B070-EF0E01074FDC}"
EndProject
Project("{FAE04EC0-301F-11D3-BF4B-00C04F79EFBC}") = "SimpleTestApplication", "SimpleTestApplication\SimpleTestApplication.csproj", "{F57286E8-6510-459F-8D07-D8B528071C80}"
EndProject
Project("{FAE04EC0-301F-11D3-BF4B-00C04F79EFBC}") = "SoapAPI6", "SoapAPI6\SoapAPI6.csproj", "{B0B6EC7A-D82C-4F40-8E3A-2212A403AB5E}"
EndProject
Project("{FAE04EC0-301F-11D3-BF4B-00C04F79EFBC}") = "DAL", "DAL\DAL.csproj", "{6B1EBE19-5288-45AC-A216-88EAA7AC6A85}"
EndProject
Project("{FAE04EC0-301F-11D3-BF4B-00C04F79EFBC}") = "CacheEngine", "CacheEngine\CacheEngine.csproj", "{EA0B477D-BF87-43CE-9A8F-8F33785BD2D8}"
EndProject
Project("{FAE04EC0-301F-11D3-BF4B-00C04F79EFBC}") = "Betfair.Facade", "Betfair.Facade\Betfair.Facade.csproj", "{74306920-7923-4237-BF2F-E99DB50438D7}"
EndProject
Global
	GlobalSection(SolutionConfigurationPlatforms) = preSolution
		Debug|Any CPU = Debug|Any CPU
		Release|Any CPU = Release|Any CPU
	EndGlobalSection
	GlobalSection(ProjectConfigurationPlatforms) = postSolution
		{CD6BA5D4-8C3C-41EC-B161-04DB9FEC4D9A}.Debug|Any CPU.ActiveCfg = Debug|Any CPU
		{CD6BA5D4-8C3C-41EC-B161-04DB9FEC4D9A}.Debug|Any CPU.Build.0 = Debug|Any CPU
		{CD6BA5D4-8C3C-41EC-B161-04DB9FEC4D9A}.Release|Any CPU.ActiveCfg = Release|Any CPU
		{CD6BA5D4-8C3C-41EC-B161-04DB9FEC4D9A}.Release|Any CPU.Build.0 = Release|Any CPU
		{FD9E704E-D5C4-4F4D-B070-EF0E01074FDC}.Debug|Any CPU.ActiveCfg = Debug|Any CPU
		{FD9E704E-D5C4-4F4D-B070-EF0E01074FDC}.Debug|Any CPU.Build.0 = Debug|Any CPU
		{FD9E704E-D5C4-4F4D-B070-EF0E01074FDC}.Release|Any CPU.ActiveCfg = Release|Any CPU
		{FD9E704E-D5C4-4F4D-B070-EF0E01074FDC}.Release|Any CPU.Build.0 = Release|Any CPU
		{F57286E8-6510-459F-8D07-D8B528071C80}.Debug|Any CPU.ActiveCfg = Debug|Any CPU
		{F57286E8-6510-459F-8D07-D8B528071C80}.Debug|Any CPU.Build.0 = Debug|Any CPU
		{F57286E8-6510-459F-8D07-D8B528071C80}.Release|Any CPU.ActiveCfg = Release|Any CPU
		{F57286E8-6510-459F-8D07-D8B528071C80}.Release|Any CPU.Build.0 = Release|Any CPU
		{B0B6EC7A-D82C-4F40-8E3A-2212A403AB5E}.Debug|Any CPU.ActiveCfg = Debug|Any CPU
		{B0B6EC7A-D82C-4F40-8E3A-2212A403AB5E}.Debug|Any CPU.Build.0 = Debug|Any CPU
		{B0B6EC7A-D82C-4F40-8E3A-2212A403AB5E}.Release|Any CPU.ActiveCfg = Release|Any CPU
		{B0B6EC7A-D82C-4F40-8E3A-2212A403AB5E}.Release|Any CPU.Build.0 = Release|Any CPU
		{6B1EBE19-5288-45AC-A216-88EAA7AC6A85}.Debug|Any CPU.ActiveCfg = Debug|Any CPU
		{6B1EBE19-5288-45AC-A216-88EAA7AC6A85}.Debug|Any CPU.Build.0 = Debug|Any CPU
		{6B1EBE19-5288-45AC-A216-88EAA7AC6A85}.Release|Any CPU.ActiveCfg = Release|Any CPU
		{6B1EBE19-5288-45AC-A216-88EAA7AC6A85}.Release|Any CPU.Build.0 = Release|Any CPU
		{EA0B477D-BF87-43CE-9A8F-8F33785BD2D8}.Debug|Any CPU.ActiveCfg = Debug|Any CPU
		{EA0B477D-BF87-43CE-9A8F-8F33785BD2D8}.Debug|Any CPU.Build.0 = Debug|Any CPU
		{EA0B477D-BF87-43CE-9A8F-8F33785BD2D8}.Release|Any CPU.ActiveCfg = Release|Any CPU
		{EA0B477D-BF87-43CE-9A8F-8F33785BD2D8}.Release|Any CPU.Build.0 = Release|Any CPU
		{74306920-7923-4237-BF2F-E99DB50438D7}.Debug|Any CPU.ActiveCfg = Debug|Any CPU
		{74306920-7923-4237-BF2F-E99DB50438D7}.Debug|Any CPU.Build.0 = Debug|Any CPU
		{74306920-7923-4237-BF2F-E99DB50438D7}.Release|Any CPU.ActiveCfg = Release|Any CPU
		{74306920-7923-4237-BF2F-E99DB50438D7}.Release|Any CPU.Build.0 = Release|Any CPU
	EndGlobalSection
	GlobalSection(SolutionProperties) = preSolution
		HideSolutionNode = FALSE
	EndGlobalSection
	GlobalSection(ExtensibilityGlobals) = postSolution
		VisualSVNWorkingCopyRoot = .
	EndGlobalSection
EndGlobal
